{
  "name": "artamir",
  "version": "1.0.0",
  "lockfileVersion": 3,
  "requires": true,
  "packages": {
    "": {
      "name": "artamir",
      "version": "1.0.0",
      "license": "ISC",
      "dependencies": {
        "@lord_ts/api": "0.7.3",
        "@lord_ts/core": "0.7.3",
        "@lord_ts/file": "0.7.3",
        "@lord_ts/math": "0.7.3",
        "@lord_ts/measure": "0.7.3",
        "@lord_ts/path": "0.7.3"
      },
      "devDependencies": {}
    },
    "node_modules/@lord_ts/api": {
      "version": "0.7.3",
      "resolved": "https://registry.npmjs.org/@lord_ts/api/-/api-0.7.3.tgz",
      "integrity": "sha512-n9Mj11H0EQMNj0KUh8S1eBNPtBRX2mIrkCTHlR7+YG49uo3GCLtm5XqXgEscK+ESiUmd6b/8qkuadzcyjXQ0EQ==",
      "bundleDependencies": [
        "dashjs",
        "youtubei.js"
      ],
      "dependencies": {
        "@lord_ts/core": "^0.7.3",
        "@lord_ts/request": "^0.7.3",
        "dashjs": "^4.7.0",
        "openai": "^3.3.0",
        "youtubei.js": "^5.1.0"
      }
    },
    "node_modules/@lord_ts/core": {
      "version": "0.7.3",
      "resolved": "https://registry.npmjs.org/@lord_ts/core/-/core-0.7.3.tgz",
      "integrity": "sha512-vclIIDOxoON4BluOxOQTQNmVMOH7x7fecJYRTbfq9+6VWb+p7vRRJUzOhSI/QOM6jAgsNsgEUEnWtbd9rbwI0A==",
      "bundleDependencies": [
        "randexp",
        "node-interval-tree",
        "fast-fuzzy",
        "@zxcvbn-ts/core",
        "@zxcvbn-ts/language-common",
        "@zxcvbn-ts/language-en"
      ],
      "dependencies": {
        "@zxcvbn-ts/core": "^3.0.3",
        "@zxcvbn-ts/language-common": "^3.0.3",
        "@zxcvbn-ts/language-en": "^3.0.1",
        "fast-fuzzy": "^1.12.0",
        "node-interval-tree": "^2.1.2",
        "randexp": "^0.5.3"
      }
    },
    "node_modules/@lord_ts/file": {
      "version": "0.7.3",
      "resolved": "https://registry.npmjs.org/@lord_ts/file/-/file-0.7.3.tgz",
      "integrity": "sha512-wDOrfEwsrPraSAsCJNETTWgiD/TNq57pyki89+gfAR1N5wryG21WX6kuHxAWCLI19c+Jb5t7gVT+XZnYAg6GKQ==",
      "bundleDependencies": [
        "css-selector-generator",
        "csstype",
        "happy-dom"
      ],
      "dependencies": {
        "@lord_ts/core": "^0.7.3",
        "@lord_ts/meta": "^0.7.3",
        "css-selector-generator": "3.6.4",
        "csstype": "^3.1.2",
        "happy-dom": "^10.5.2"
      }
    },
    "node_modules/@lord_ts/math": {
      "version": "0.7.3",
      "resolved": "https://registry.npmjs.org/@lord_ts/math/-/math-0.7.3.tgz",
      "integrity": "sha512-tLmLzoRjXMe9thwCCYHhgZ1b68rndrW9EbhhPIAAMqpGMK/pTe7cAiQG+BJ69MKF0cj25gJvfjUvELybqA7UEw==",
      "bundleDependencies": [
        "trie-prefix-tree",
        "delaunator"
      ],
      "dependencies": {
        "@lord_ts/core": "^0.7.3",
        "@types/delaunator": "^5.0.0",
        "delaunator": "^5.0.0",
        "trie-prefix-tree": "^1.5.1"
      }
    },
    "node_modules/@lord_ts/measure": {
      "version": "0.7.3",
      "resolved": "https://registry.npmjs.org/@lord_ts/measure/-/measure-0.7.3.tgz",
      "integrity": "sha512-f1JxlbwDt32cGaFVfN5ZIq8FZrjNuHmlvs31g1+2ukrV2y/kbNgM4w2x1hZcdmNh1urHKzK2BKulO9XhR0owcA==",
      "dependencies": {
        "@lord_ts/core": "^0.7.3"
      }
    },
    "node_modules/@lord_ts/meta": {
      "version": "0.7.3",
      "resolved": "https://registry.npmjs.org/@lord_ts/meta/-/meta-0.7.3.tgz",
      "integrity": "sha512-5gR7samyzdtueSnxr7lT6UjnI4xmRjr6o4EwWRdWOv67bWz2trRsuq5ATbTakNLYSWqgYo618A3Fqawx1sZvHw==",
      "bundleDependencies": [
        "buffer"
      ],
      "dependencies": {
        "@lord_ts/core": "^0.7.3",
        "buffer": "^6.0.3"
      }
    },
    "node_modules/@lord_ts/path": {
      "version": "0.7.3",
      "resolved": "https://registry.npmjs.org/@lord_ts/path/-/path-0.7.3.tgz",
      "integrity": "sha512-voLEbZW5LWfKlGYaj2rEEJAraRDUMd81MjhHFgb9XYvZ0O8Ta/bP5mjiPmSw/hf4A8njUsicTb2WQgT2v0wdKQ==",
      "dependencies": {
        "@lord_ts/core": "^0.7.3",
        "@lord_ts/file": "^0.7.3"
      }
    },
    "node_modules/@lord_ts/request": {
      "version": "0.7.3",
      "resolved": "https://registry.npmjs.org/@lord_ts/request/-/request-0.7.3.tgz",
      "integrity": "sha512-c0yR1bR6bMXu7T1pZxhGvvWSyIE6xv307/j6i5SLcz6pgPTaes/P0SxhfJm++PKC1KJ3Sr0hj05YXXmrk3av5w==",
      "dependencies": {
        "@lord_ts/core": "^0.7.3",
        "@readme/data-urls": "^1.0.1"
      }
    },
    "node_modules/@readme/data-urls": {
      "version": "1.0.1",
      "resolved": "https://registry.npmjs.org/@readme/data-urls/-/data-urls-1.0.1.tgz",
      "integrity": "sha512-FNP4ntG5rCgmrvQGoNH/Ljivc6jSWaaVeMuXneOyQ6oLuhm/NkysXJN3DnBrIsJUJbSae7qIs2QfPYnaropoHw==",
      "engines": {
        "node": ">=14"
      }
    },
    "node_modules/@types/delaunator": {
      "version": "5.0.0",
      "resolved": "https://registry.npmjs.org/@types/delaunator/-/delaunator-5.0.0.tgz",
      "integrity": "sha512-00nrXdKbhF9FQsq6MskmdUgEqd5MWzA+x8CoDt8OJqbS4QB528SgkOfEcnQMa2sIg2XTKowwwVQx8iGsAX6CAQ=="
    },
    "node_modules/asynckit": {
      "version": "0.4.0",
      "resolved": "https://registry.npmjs.org/asynckit/-/asynckit-0.4.0.tgz",
      "integrity": "sha512-Oei9OH4tRh0YqU3GxhX79dM/mwVgvbZJaSNaRk+bshkj0S5cfHcgYakreBjrHwatXKbz+IoIdYLxrKim2MjW0Q=="
    },
    "node_modules/axios": {
      "version": "0.26.1",
      "resolved": "https://registry.npmjs.org/axios/-/axios-0.26.1.tgz",
      "integrity": "sha512-fPwcX4EvnSHuInCMItEhAGnaSEXRBjtzh9fOtsE6E1G6p7vl7edEeZe11QHf18+6+9gR5PbKV/sGKNaD8YaMeA==",
      "dependencies": {
        "follow-redirects": "^1.14.8"
      }
    },
    "node_modules/combined-stream": {
      "version": "1.0.8",
      "resolved": "https://registry.npmjs.org/combined-stream/-/combined-stream-1.0.8.tgz",
      "integrity": "sha512-FQN4MRfuJeHf7cBbBMJFXhKSDq+2kAArBlmRBvcvFE5BB1HZKXtSFASDhdlz9zOYwxh8lDdnvmMOe/+5cdoEdg==",
      "dependencies": {
        "delayed-stream": "~1.0.0"
      },
      "engines": {
        "node": ">= 0.8"
      }
    },
    "node_modules/delayed-stream": {
      "version": "1.0.0",
      "resolved": "https://registry.npmjs.org/delayed-stream/-/delayed-stream-1.0.0.tgz",
      "integrity": "sha512-ZySD7Nf91aLB0RxL4KGrKHBXl7Eds1DAmEdcoVawXnLD7SDhpNgtuII2aAkg7a7QS41jxPSZ17p4VdGnMHk3MQ==",
      "engines": {
        "node": ">=0.4.0"
      }
    },
    "node_modules/follow-redirects": {
      "version": "1.15.2",
      "resolved": "https://registry.npmjs.org/follow-redirects/-/follow-redirects-1.15.2.tgz",
      "integrity": "sha512-VQLG33o04KaQ8uYi2tVNbdrWp1QWxNNea+nmIB4EVM28v0hmP17z7aG1+wAkNzVq4KeXTq3221ye5qTJP91JwA==",
      "funding": [
        {
          "type": "individual",
          "url": "https://github.com/sponsors/RubenVerborgh"
        }
      ],
      "engines": {
        "node": ">=4.0"
      },
      "peerDependenciesMeta": {
        "debug": {
          "optional": true
        }
      }
    },
    "node_modules/form-data": {
      "version": "4.0.0",
      "resolved": "https://registry.npmjs.org/form-data/-/form-data-4.0.0.tgz",
      "integrity": "sha512-ETEklSGi5t0QMZuiXoA/Q6vcnxcLQP5vdugSpuAyi6SVGi2clPPp+xgEhuMaHC+zGgn31Kd235W35f7Hykkaww==",
      "dependencies": {
        "asynckit": "^0.4.0",
        "combined-stream": "^1.0.8",
        "mime-types": "^2.1.12"
      },
      "engines": {
        "node": ">= 6"
      }
    },
    "node_modules/mime-db": {
      "version": "1.52.0",
      "resolved": "https://registry.npmjs.org/mime-db/-/mime-db-1.52.0.tgz",
      "integrity": "sha512-sPU4uV7dYlvtWJxwwxHD0PuihVNiE7TyAbQ5SWxDCB9mUYvOgroQOwYQQOKPJ8CIbE+1ETVlOoK1UC2nU3gYvg==",
      "engines": {
        "node": ">= 0.6"
      }
    },
    "node_modules/mime-types": {
      "version": "2.1.35",
      "resolved": "https://registry.npmjs.org/mime-types/-/mime-types-2.1.35.tgz",
      "integrity": "sha512-ZDY+bPm5zTTF+YpCrAU9nK0UgICYPT0QtT1NZWFv4s++TNkcgVaT0g6+4R2uI4MjQjzysHB1zxuWL50hzaeXiw==",
      "dependencies": {
        "mime-db": "1.52.0"
      },
      "engines": {
        "node": ">= 0.6"
      }
    },
    "node_modules/openai": {
      "version": "3.3.0",
      "resolved": "https://registry.npmjs.org/openai/-/openai-3.3.0.tgz",
      "integrity": "sha512-uqxI/Au+aPRnsaQRe8CojU0eCR7I0mBiKjD3sNMzY6DaC1ZVrc85u98mtJW6voDug8fgGN+DIZmTDxTthxb7dQ==",
      "dependencies": {
        "axios": "^0.26.0",
        "form-data": "^4.0.0"
      }
    }
  }
}
